
Microsoft Visual Studio Solution File, Format Version 12.00
# Visual Studio Version 17
VisualStudioVersion = 17.14.36212.18
MinimumVisualStudioVersion = 10.0.40219.1
Project("{FAE04EC0-301F-11D3-BF4B-00C04F79EFBC}") = "Presentation", "Presentation\Presentation.csproj", "{6BD2ABBB-9BD6-4110-B905-D37D3CC47651}"
EndProject
Project("{FAE04EC0-301F-11D3-BF4B-00C04F79EFBC}") = "DAL", "DAL\DAL.csproj", "{59E2F7DA-11D9-4670-AC3E-C1D75805C80F}"
EndProject
Project("{FAE04EC0-301F-11D3-BF4B-00C04F79EFBC}") = "BLL", "BLL\BLL.csproj", "{5EB48C31-71A8-4B94-B878-2722901300E3}"
EndProject
Global
	GlobalSection(SolutionConfigurationPlatforms) = preSolution
		Debug|Any CPU = Debug|Any CPU
		Release|Any CPU = Release|Any CPU
	EndGlobalSection
	GlobalSection(ProjectConfigurationPlatforms) = postSolution
		{6BD2ABBB-9BD6-4110-B905-D37D3CC47651}.Debug|Any CPU.ActiveCfg = Debug|Any CPU
		{6BD2ABBB-9BD6-4110-B905-D37D3CC47651}.Debug|Any CPU.Build.0 = Debug|Any CPU
		{6BD2ABBB-9BD6-4110-B905-D37D3CC47651}.Release|Any CPU.ActiveCfg = Release|Any CPU
		{6BD2ABBB-9BD6-4110-B905-D37D3CC47651}.Release|Any CPU.Build.0 = Release|Any CPU
		{59E2F7DA-11D9-4670-AC3E-C1D75805C80F}.Debug|Any CPU.ActiveCfg = Debug|Any CPU
		{59E2F7DA-11D9-4670-AC3E-C1D75805C80F}.Debug|Any CPU.Build.0 = Debug|Any CPU
		{59E2F7DA-11D9-4670-AC3E-C1D75805C80F}.Release|Any CPU.ActiveCfg = Release|Any CPU
		{59E2F7DA-11D9-4670-AC3E-C1D75805C80F}.Release|Any CPU.Build.0 = Release|Any CPU
		{5EB48C31-71A8-4B94-B878-2722901300E3}.Debug|Any CPU.ActiveCfg = Debug|Any CPU
		{5EB48C31-71A8-4B94-B878-2722901300E3}.Debug|Any CPU.Build.0 = Debug|Any CPU
		{5EB48C31-71A8-4B94-B878-2722901300E3}.Release|Any CPU.ActiveCfg = Release|Any CPU
		{5EB48C31-71A8-4B94-B878-2722901300E3}.Release|Any CPU.Build.0 = Release|Any CPU
	EndGlobalSection
	GlobalSection(SolutionProperties) = preSolution
		HideSolutionNode = FALSE
	EndGlobalSection
	GlobalSection(ExtensibilityGlobals) = postSolution
		SolutionGuid = {BAC8A056-A348-4F23-B3E6-6D246165C1B0}
	EndGlobalSection
EndGlobal
